// !$*UTF8*$!
{
	archiveVersion = 1;
	classes = {
	};
	objectVersion = 46;
	objects = {

/* Begin PBXBuildFile section */
		8319855C1EBC60AE009BA4D7 /* GLUT.framework in Frameworks */ = {isa = PBXBuildFile; fileRef = 8319855B1EBC60AE009BA4D7 /* GLUT.framework */; };
		8319855E1EBC60BB009BA4D7 /* OpenGL.framework in Frameworks */ = {isa = PBXBuildFile; fileRef = 8319855D1EBC60BB009BA4D7 /* OpenGL.framework */; };
		831985621EBC612F009BA4D7 /* lab-05.c in Sources */ = {isa = PBXBuildFile; fileRef = 831985601EBC612F009BA4D7 /* lab-05.c */; };
		831985641EBC6137009BA4D7 /* RgbImage.c in Sources */ = {isa = PBXBuildFile; fileRef = 831985631EBC6137009BA4D7 /* RgbImage.c */; };
/* End PBXBuildFile section */

/* Begin PBXCopyFilesBuildPhase section */
		8319854E1EBC6076009BA4D7 /* CopyFiles */ = {
			isa = PBXCopyFilesBuildPhase;
			buildActionMask = 2147483647;
			dstPath = /usr/share/man/man1/;
			dstSubfolderSpec = 0;
			files = (
			);
			runOnlyForDeploymentPostprocessing = 1;
		};
/* End PBXCopyFilesBuildPhase section */

/* Begin PBXFileReference section */
		831985501EBC6076009BA4D7 /* Lab 5 */ = {isa = PBXFileReference; explicitFileType = "compiled.mach-o.executable"; includeInIndex = 0; path = "Lab 5"; sourceTree = BUILT_PRODUCTS_DIR; };
		8319855B1EBC60AE009BA4D7 /* GLUT.framework */ = {isa = PBXFileReference; lastKnownFileType = wrapper.framework; name = GLUT.framework; path = System/Library/Frameworks/GLUT.framework; sourceTree = SDKROOT; };
		8319855D1EBC60BB009BA4D7 /* OpenGL.framework */ = {isa = PBXFileReference; lastKnownFileType = wrapper.framework; name = OpenGL.framework; path = System/Library/Frameworks/OpenGL.framework; sourceTree = SDKROOT; };
		8319855F1EBC60FE009BA4D7 /* textures */ = {isa = PBXFileReference; lastKnownFileType = folder; name = textures; path = ../textures; sourceTree = "<group>"; };
		831985601EBC612F009BA4D7 /* lab-05.c */ = {isa = PBXFileReference; fileEncoding = 4; lastKnownFileType = sourcecode.c.c; path = "lab-05.c"; sourceTree = "<group>"; };
		831985611EBC612F009BA4D7 /* lab-05.h */ = {isa = PBXFileReference; fileEncoding = 4; lastKnownFileType = sourcecode.c.h; path = "lab-05.h"; sourceTree = "<group>"; };
		831985631EBC6137009BA4D7 /* RgbImage.c */ = {isa = PBXFileReference; fileEncoding = 4; lastKnownFileType = sourcecode.c.c; path = RgbImage.c; sourceTree = "<group>"; };
		831985651EBC613C009BA4D7 /* RgbImage.h */ = {isa = PBXFileReference; lastKnownFileType = sourcecode.c.h; path = RgbImage.h; sourceTree = "<group>"; };
/* End PBXFileReference section */

/* Begin PBXFrameworksBuildPhase section */
		8319854D1EBC6076009BA4D7 /* Frameworks */ = {
			isa = PBXFrameworksBuildPhase;
			buildActionMask = 2147483647;
			files = (
				8319855E1EBC60BB009BA4D7 /* OpenGL.framework in Frameworks */,
				8319855C1EBC60AE009BA4D7 /* GLUT.framework in Frameworks */,
			);
			runOnlyForDeploymentPostprocessing = 0;
		};
/* End PBXFrameworksBuildPhase section */

/* Begin PBXGroup section */
		831985471EBC6076009BA4D7 = {
			isa = PBXGroup;
			children = (
				831985521EBC6076009BA4D7 /* Lab 5 */,
				831985511EBC6076009BA4D7 /* Products */,
				8319855A1EBC60AE009BA4D7 /* Frameworks */,
			);
			sourceTree = "<group>";
		};
		831985511EBC6076009BA4D7 /* Products */ = {
			isa = PBXGroup;
			children = (
				831985501EBC6076009BA4D7 /* Lab 5 */,
			);
			name = Products;
			sourceTree = "<group>";
		};
		831985521EBC6076009BA4D7 /* Lab 5 */ = {
			isa = PBXGroup;
			children = (
				8319855F1EBC60FE009BA4D7 /* textures */,
				831985631EBC6137009BA4D7 /* RgbImage.c */,
				831985651EBC613C009BA4D7 /* RgbImage.h */,
				831985601EBC612F009BA4D7 /* lab-05.c */,
				831985611EBC612F009BA4D7 /* lab-05.h */,
			);
			path = "Lab 5";
			sourceTree = "<group>";
		};
		8319855A1EBC60AE009BA4D7 /* Frameworks */ = {
			isa = PBXGroup;
			children = (
				8319855D1EBC60BB009BA4D7 /* OpenGL.framework */,
				8319855B1EBC60AE009BA4D7 /* GLUT.framework */,
			);
			name = Frameworks;
			sourceTree = "<group>";
		};
/* End PBXGroup section */

/* Begin PBXNativeTarget section */
		8319854F1EBC6076009BA4D7 /* Lab 5 */ = {
			isa = PBXNativeTarget;
			buildConfigurationList = 831985571EBC6076009BA4D7 /* Build configuration list for PBXNativeTarget "Lab 5" */;
			buildPhases = (
				8319854C1EBC6076009BA4D7 /* Sources */,
				8319854D1EBC6076009BA4D7 /* Frameworks */,
				8319854E1EBC6076009BA4D7 /* CopyFiles */,
			);
			buildRules = (
			);
			dependencies = (
			);
			name = "Lab 5";
			productName = "Lab 5";
			productReference = 831985501EBC6076009BA4D7 /* Lab 5 */;
			productType = "com.apple.product-type.tool";
		};
/* End PBXNativeTarget section */

/* Begin PBXProject section */
		831985481EBC6076009BA4D7 /* Project object */ = {
			isa = PBXProject;
			attributes = {
				LastUpgradeCheck = 0830;
				ORGANIZATIONNAME = "Mattia Fucili";
				TargetAttributes = {
					8319854F1EBC6076009BA4D7 = {
						CreatedOnToolsVersion = 8.3.2;
						ProvisioningStyle = Automatic;
					};
				};
			};
			buildConfigurationList = 8319854B1EBC6076009BA4D7 /* Build configuration list for PBXProject "Lab 5" */;
			compatibilityVersion = "Xcode 3.2";
			developmentRegion = English;
			hasScannedForEncodings = 0;
			knownRegions = (
				en,
			);
			mainGroup = 831985471EBC6076009BA4D7;
			productRefGroup = 831985511EBC6076009BA4D7 /* Products */;
			projectDirPath = "";
			projectRoot = "";
			targets = (
				8319854F1EBC6076009BA4D7 /* Lab 5 */,
			);
		};
/* End PBXProject section */

/* Begin PBXSourcesBuildPhase section */
		8319854C1EBC6076009BA4D7 /* Sources */ = {
			isa = PBXSourcesBuildPhase;
			buildActionMask = 2147483647;
			files = (
				831985621EBC612F009BA4D7 /* lab-05.c in Sources */,
				831985641EBC6137009BA4D7 /* RgbImage.c in Sources */,
			);
			runOnlyForDeploymentPostprocessing = 0;
		};
/* End PBXSourcesBuildPhase section */

/* Begin XCBuildConfiguration section */
		831985551EBC6076009BA4D7 /* Debug */ = {
			isa = XCBuildConfiguration;
			buildSettings = {
				ALWAYS_SEARCH_USER_PATHS = NO;
				CLANG_ANALYZER_NONNULL = YES;
				CLANG_ANALYZER_NUMBER_OBJECT_CONVERSION = YES_AGGRESSIVE;
				CLANG_CXX_LANGUAGE_STANDARD = "gnu++0x";
				CLANG_CXX_LIBRARY = "libc++";
				CLANG_ENABLE_MODULES = YES;
				CLANG_ENABLE_OBJC_ARC = YES;
				CLANG_WARN_BOOL_CONVERSION = YES;
				CLANG_WARN_CONSTANT_CONVERSION = YES;
				CLANG_WARN_DIRECT_OBJC_ISA_USAGE = YES_ERROR;
				CLANG_WARN_DOCUMENTATION_COMMENTS = YES;
				CLANG_WARN_EMPTY_BODY = YES;
				CLANG_WARN_ENUM_CONVERSION = YES;
				CLANG_WARN_INFINITE_RECURSION = YES;
				CLANG_WARN_INT_CONVERSION = YES;
				CLANG_WARN_OBJC_ROOT_CLASS = YES_ERROR;
				CLANG_WARN_SUSPICIOUS_MOVE = YES;
				CLANG_WARN_UNREACHABLE_CODE = YES;
				CLANG_WARN__DUPLICATE_METHOD_MATCH = YES;
				CODE_SIGN_IDENTITY = "-";
				COPY_PHASE_STRIP = NO;
				DEBUG_INFORMATION_FORMAT = dwarf;
				ENABLE_STRICT_OBJC_MSGSEND = YES;
				ENABLE_TESTABILITY = YES;
				GCC_C_LANGUAGE_STANDARD = gnu99;
				GCC_DYNAMIC_NO_PIC = NO;
				GCC_NO_COMMON_BLOCKS = YES;
				GCC_OPTIMIZATION_LEVEL = 0;
				GCC_PREPROCESSOR_DEFINITIONS = (
					"DEBUG=1",
					"$(inherited)",
				);
				GCC_WARN_64_TO_32_BIT_CONVERSION = YES;
				GCC_WARN_ABOUT_RETURN_TYPE = YES_ERROR;
				GCC_WARN_UNDECLARED_SELECTOR = YES;
				GCC_WARN_UNINITIALIZED_AUTOS = YES_AGGRESSIVE;
				GCC_WARN_UNUSED_FUNCTION = YES;
				GCC_WARN_UNUSED_VARIABLE = YES;
				MACOSX_DEPLOYMENT_TARGET = 10.12;
				MTL_ENABLE_DEBUG_INFO = YES;
				ONLY_ACTIVE_ARCH = YES;
				SDKROOT = macosx;
			};
			name = Debug;
		};
		831985561EBC6076009BA4D7 /* Release */ = {
			isa = XCBuildConfiguration;
			buildSettings = {
				ALWAYS_SEARCH_USER_PATHS = NO;
				CLANG_ANALYZER_NONNULL = YES;
				CLANG_ANALYZER_NUMBER_OBJECT_CONVERSION = YES_AGGRESSIVE;
				CLANG_CXX_LANGUAGE_STANDARD = "gnu++0x";
				CLANG_CXX_LIBRARY = "libc++";
				CLANG_ENABLE_MODULES = YES;
				CLANG_ENABLE_OBJC_ARC = YES;
				CLANG_WARN_BOOL_CONVERSION = YES;
				CLANG_WARN_CONSTANT_CONVERSION = YES;
				CLANG_WARN_DIRECT_OBJC_ISA_USAGE = YES_ERROR;
				CLANG_WARN_DOCUMENTATION_COMMENTS = YES;
				CLANG_WARN_EMPTY_BODY = YES;
				CLANG_WARN_ENUM_CONVERSION = YES;
				CLANG_WARN_INFINITE_RECURSION = YES;
				CLANG_WARN_INT_CONVERSION = YES;
				CLANG_WARN_OBJC_ROOT_CLASS = YES_ERROR;
				CLANG_WARN_SUSPICIOUS_MOVE = YES;
				CLANG_WARN_UNREACHABLE_CODE = YES;
				CLANG_WARN__DUPLICATE_METHOD_MATCH = YES;
				CODE_SIGN_IDENTITY = "-";
				COPY_PHASE_STRIP = NO;
				DEBUG_INFORMATION_FORMAT = "dwarf-with-dsym";
				ENABLE_NS_ASSERTIONS = NO;
				ENABLE_STRICT_OBJC_MSGSEND = YES;
				GCC_C_LANGUAGE_STANDARD = gnu99;
				GCC_NO_COMMON_BLOCKS = YES;
				GCC_WARN_64_TO_32_BIT_CONVERSION = YES;
				GCC_WARN_ABOUT_RETURN_TYPE = YES_ERROR;
				GCC_WARN_UNDECLARED_SELECTOR = YES;
				GCC_WARN_UNINITIALIZED_AUTOS = YES_AGGRESSIVE;
				GCC_WARN_UNUSED_FUNCTION = YES;
				GCC_WARN_UNUSED_VARIABLE = YES;
				MACOSX_DEPLOYMENT_TARGET = 10.12;
				MTL_ENABLE_DEBUG_INFO = NO;
				SDKROOT = macosx;
			};
			name = Release;
		};
		831985581EBC6076009BA4D7 /* Debug */ = {
			isa = XCBuildConfiguration;
			buildSettings = {
				MACOSX_DEPLOYMENT_TARGET = 10.8;
				PRODUCT_NAME = "$(TARGET_NAME)";
			};
			name = Debug;
		};
		831985591EBC6076009BA4D7 /* Release */ = {
			isa = XCBuildConfiguration;
			buildSettings = {
				MACOSX_DEPLOYMENT_TARGET = 10.8;
				PRODUCT_NAME = "$(TARGET_NAME)";
			};
			name = Release;
		};
/* End XCBuildConfiguration section */

/* Begin XCConfigurationList section */
		8319854B1EBC6076009BA4D7 /* Build configuration list for PBXProject "Lab 5" */ = {
			isa = XCConfigurationList;
			buildConfigurations = (
				831985551EBC6076009BA4D7 /* Debug */,
				831985561EBC6076009BA4D7 /* Release */,
			);
			defaultConfigurationIsVisible = 0;
			defaultConfigurationName = Release;
		};
		831985571EBC6076009BA4D7 /* Build configuration list for PBXNativeTarget "Lab 5" */ = {
			isa = XCConfigurationList;
			buildConfigurations = (
				831985581EBC6076009BA4D7 /* Debug */,
				831985591EBC6076009BA4D7 /* Release */,
			);
			defaultConfigurationIsVisible = 0;
		};
/* End XCConfigurationList section */
	};
	rootObject = 831985481EBC6076009BA4D7 /* Project object */;
}
