// !$*UTF8*$!
{
	archiveVersion = 1;
	classes = {
	};
	objectVersion = 46;
	objects = {

/* Begin PBXBuildFile section */
		8309D91F1ED0730300B43779 /* material.cpp in Sources */ = {isa = PBXBuildFile; fileRef = 8309D90B1ED0730300B43779 /* material.cpp */; };
		8309D9201ED0730300B43779 /* matrix.cpp in Sources */ = {isa = PBXBuildFile; fileRef = 8309D90D1ED0730300B43779 /* matrix.cpp */; };
		8309D9211ED0730300B43779 /* mesh.cpp in Sources */ = {isa = PBXBuildFile; fileRef = 8309D90F1ED0730300B43779 /* mesh.cpp */; };
		8309D9221ED0730300B43779 /* radiosity.cpp in Sources */ = {isa = PBXBuildFile; fileRef = 8309D9111ED0730300B43779 /* radiosity.cpp */; };
		8309D9241ED0730300B43779 /* raytree.cpp in Sources */ = {isa = PBXBuildFile; fileRef = 8309D9161ED0730300B43779 /* raytree.cpp */; };
		8309D9251ED0730300B43779 /* sphere.cpp in Sources */ = {isa = PBXBuildFile; fileRef = 8309D9191ED0730300B43779 /* sphere.cpp */; };
		8309D93C1ED0730D00B43779 /* boundingbox.cpp in Sources */ = {isa = PBXBuildFile; fileRef = 8309D9281ED0730D00B43779 /* boundingbox.cpp */; };
		8309D93D1ED0730D00B43779 /* camera.cpp in Sources */ = {isa = PBXBuildFile; fileRef = 8309D92A1ED0730D00B43779 /* camera.cpp */; };
		8309D93E1ED0730D00B43779 /* edge.cpp in Sources */ = {isa = PBXBuildFile; fileRef = 8309D92F1ED0730D00B43779 /* edge.cpp */; };
		8309D93F1ED0730D00B43779 /* face.cpp in Sources */ = {isa = PBXBuildFile; fileRef = 8309D9311ED0730D00B43779 /* face.cpp */; };
		8309D9401ED0730D00B43779 /* glCanvas.cpp in Sources */ = {isa = PBXBuildFile; fileRef = 8309D9361ED0730D00B43779 /* glCanvas.cpp */; };
		8309D9411ED0730D00B43779 /* main.cpp in Sources */ = {isa = PBXBuildFile; fileRef = 8309D93B1ED0730D00B43779 /* main.cpp */; };
		8309D9431ED0732C00B43779 /* raytracer.cpp in Sources */ = {isa = PBXBuildFile; fileRef = 8309D9421ED0732C00B43779 /* raytracer.cpp */; };
		8309D9461ED0734000B43779 /* GLUT.framework in Frameworks */ = {isa = PBXBuildFile; fileRef = 8309D9451ED0734000B43779 /* GLUT.framework */; };
		8309D9481ED0734400B43779 /* OpenGL.framework in Frameworks */ = {isa = PBXBuildFile; fileRef = 8309D9471ED0734400B43779 /* OpenGL.framework */; };
		8309D94A1ED075D300B43779 /* Makefile in Sources */ = {isa = PBXBuildFile; fileRef = 8309D9491ED075D300B43779 /* Makefile */; };
/* End PBXBuildFile section */

/* Begin PBXCopyFilesBuildPhase section */
		8309D8FF1ED072AD00B43779 /* CopyFiles */ = {
			isa = PBXCopyFilesBuildPhase;
			buildActionMask = 2147483647;
			dstPath = /usr/share/man/man1/;
			dstSubfolderSpec = 0;
			files = (
			);
			runOnlyForDeploymentPostprocessing = 1;
		};
/* End PBXCopyFilesBuildPhase section */

/* Begin PBXFileReference section */
		8309D9011ED072AD00B43779 /* Lab4 */ = {isa = PBXFileReference; explicitFileType = "compiled.mach-o.executable"; includeInIndex = 0; path = Lab4; sourceTree = BUILT_PRODUCTS_DIR; };
		8309D90B1ED0730300B43779 /* material.cpp */ = {isa = PBXFileReference; fileEncoding = 4; lastKnownFileType = sourcecode.cpp.cpp; path = material.cpp; sourceTree = "<group>"; };
		8309D90C1ED0730300B43779 /* material.h */ = {isa = PBXFileReference; fileEncoding = 4; lastKnownFileType = sourcecode.c.h; path = material.h; sourceTree = "<group>"; };
		8309D90D1ED0730300B43779 /* matrix.cpp */ = {isa = PBXFileReference; fileEncoding = 4; lastKnownFileType = sourcecode.cpp.cpp; path = matrix.cpp; sourceTree = "<group>"; };
		8309D90E1ED0730300B43779 /* matrix.h */ = {isa = PBXFileReference; fileEncoding = 4; lastKnownFileType = sourcecode.c.h; path = matrix.h; sourceTree = "<group>"; };
		8309D90F1ED0730300B43779 /* mesh.cpp */ = {isa = PBXFileReference; fileEncoding = 4; lastKnownFileType = sourcecode.cpp.cpp; path = mesh.cpp; sourceTree = "<group>"; };
		8309D9101ED0730300B43779 /* mesh.h */ = {isa = PBXFileReference; fileEncoding = 4; lastKnownFileType = sourcecode.c.h; path = mesh.h; sourceTree = "<group>"; };
		8309D9111ED0730300B43779 /* radiosity.cpp */ = {isa = PBXFileReference; fileEncoding = 4; lastKnownFileType = sourcecode.cpp.cpp; path = radiosity.cpp; sourceTree = "<group>"; };
		8309D9121ED0730300B43779 /* radiosity.h */ = {isa = PBXFileReference; fileEncoding = 4; lastKnownFileType = sourcecode.c.h; path = radiosity.h; sourceTree = "<group>"; };
		8309D9131ED0730300B43779 /* ray.h */ = {isa = PBXFileReference; fileEncoding = 4; lastKnownFileType = sourcecode.c.h; path = ray.h; sourceTree = "<group>"; };
		8309D9151ED0730300B43779 /* raytracer.h */ = {isa = PBXFileReference; fileEncoding = 4; lastKnownFileType = sourcecode.c.h; path = raytracer.h; sourceTree = "<group>"; };
		8309D9161ED0730300B43779 /* raytree.cpp */ = {isa = PBXFileReference; fileEncoding = 4; lastKnownFileType = sourcecode.cpp.cpp; path = raytree.cpp; sourceTree = "<group>"; };
		8309D9171ED0730300B43779 /* raytree.h */ = {isa = PBXFileReference; fileEncoding = 4; lastKnownFileType = sourcecode.c.h; path = raytree.h; sourceTree = "<group>"; };
		8309D9181ED0730300B43779 /* reflective_spheres.obj */ = {isa = PBXFileReference; fileEncoding = 4; lastKnownFileType = text; path = reflective_spheres.obj; sourceTree = "<group>"; };
		8309D9191ED0730300B43779 /* sphere.cpp */ = {isa = PBXFileReference; fileEncoding = 4; lastKnownFileType = sourcecode.cpp.cpp; path = sphere.cpp; sourceTree = "<group>"; };
		8309D91A1ED0730300B43779 /* sphere.h */ = {isa = PBXFileReference; fileEncoding = 4; lastKnownFileType = sourcecode.c.h; path = sphere.h; sourceTree = "<group>"; };
		8309D91B1ED0730300B43779 /* utils.h */ = {isa = PBXFileReference; fileEncoding = 4; lastKnownFileType = sourcecode.c.h; path = utils.h; sourceTree = "<group>"; };
		8309D91C1ED0730300B43779 /* vectors.h */ = {isa = PBXFileReference; fileEncoding = 4; lastKnownFileType = sourcecode.c.h; path = vectors.h; sourceTree = "<group>"; };
		8309D91D1ED0730300B43779 /* vertex_parent.h */ = {isa = PBXFileReference; fileEncoding = 4; lastKnownFileType = sourcecode.c.h; path = vertex_parent.h; sourceTree = "<group>"; };
		8309D91E1ED0730300B43779 /* vertex.h */ = {isa = PBXFileReference; fileEncoding = 4; lastKnownFileType = sourcecode.c.h; path = vertex.h; sourceTree = "<group>"; };
		8309D9261ED0730D00B43779 /* argparser.h */ = {isa = PBXFileReference; fileEncoding = 4; lastKnownFileType = sourcecode.c.h; path = argparser.h; sourceTree = "<group>"; };
		8309D9271ED0730D00B43779 /* bag.h */ = {isa = PBXFileReference; fileEncoding = 4; lastKnownFileType = sourcecode.c.h; path = bag.h; sourceTree = "<group>"; };
		8309D9281ED0730D00B43779 /* boundingbox.cpp */ = {isa = PBXFileReference; fileEncoding = 4; lastKnownFileType = sourcecode.cpp.cpp; path = boundingbox.cpp; sourceTree = "<group>"; };
		8309D9291ED0730D00B43779 /* boundingbox.h */ = {isa = PBXFileReference; fileEncoding = 4; lastKnownFileType = sourcecode.c.h; path = boundingbox.h; sourceTree = "<group>"; };
		8309D92A1ED0730D00B43779 /* camera.cpp */ = {isa = PBXFileReference; fileEncoding = 4; lastKnownFileType = sourcecode.cpp.cpp; path = camera.cpp; sourceTree = "<group>"; };
		8309D92B1ED0730D00B43779 /* camera.h */ = {isa = PBXFileReference; fileEncoding = 4; lastKnownFileType = sourcecode.c.h; path = camera.h; sourceTree = "<group>"; };
		8309D92C1ED0730D00B43779 /* cornell_box_diffuse_sphere.obj */ = {isa = PBXFileReference; fileEncoding = 4; lastKnownFileType = text; path = cornell_box_diffuse_sphere.obj; sourceTree = "<group>"; };
		8309D92D1ED0730D00B43779 /* cornell_box_reflective_spheres.obj */ = {isa = PBXFileReference; fileEncoding = 4; lastKnownFileType = text; path = cornell_box_reflective_spheres.obj; sourceTree = "<group>"; };
		8309D92E1ED0730D00B43779 /* cornell_box.obj */ = {isa = PBXFileReference; fileEncoding = 4; lastKnownFileType = text; path = cornell_box.obj; sourceTree = "<group>"; };
		8309D92F1ED0730D00B43779 /* edge.cpp */ = {isa = PBXFileReference; fileEncoding = 4; lastKnownFileType = sourcecode.cpp.cpp; path = edge.cpp; sourceTree = "<group>"; };
		8309D9301ED0730D00B43779 /* edge.h */ = {isa = PBXFileReference; fileEncoding = 4; lastKnownFileType = sourcecode.c.h; path = edge.h; sourceTree = "<group>"; };
		8309D9311ED0730D00B43779 /* face.cpp */ = {isa = PBXFileReference; fileEncoding = 4; lastKnownFileType = sourcecode.cpp.cpp; path = face.cpp; sourceTree = "<group>"; };
		8309D9321ED0730D00B43779 /* face.h */ = {isa = PBXFileReference; fileEncoding = 4; lastKnownFileType = sourcecode.c.h; path = face.h; sourceTree = "<group>"; };
		8309D9331ED0730D00B43779 /* freeglut_ext.h */ = {isa = PBXFileReference; fileEncoding = 4; lastKnownFileType = sourcecode.c.h; path = freeglut_ext.h; sourceTree = "<group>"; };
		8309D9341ED0730D00B43779 /* freeglut_std.h */ = {isa = PBXFileReference; fileEncoding = 4; lastKnownFileType = sourcecode.c.h; path = freeglut_std.h; sourceTree = "<group>"; };
		8309D9351ED0730D00B43779 /* freeglut.h */ = {isa = PBXFileReference; fileEncoding = 4; lastKnownFileType = sourcecode.c.h; path = freeglut.h; sourceTree = "<group>"; };
		8309D9361ED0730D00B43779 /* glCanvas.cpp */ = {isa = PBXFileReference; fileEncoding = 4; lastKnownFileType = sourcecode.cpp.cpp; path = glCanvas.cpp; sourceTree = "<group>"; };
		8309D9371ED0730D00B43779 /* glCanvas.h */ = {isa = PBXFileReference; fileEncoding = 4; lastKnownFileType = sourcecode.c.h; path = glCanvas.h; sourceTree = "<group>"; };
		8309D9381ED0730D00B43779 /* glut.h */ = {isa = PBXFileReference; fileEncoding = 4; lastKnownFileType = sourcecode.c.h; path = glut.h; sourceTree = "<group>"; };
		8309D9391ED0730D00B43779 /* hit.h */ = {isa = PBXFileReference; fileEncoding = 4; lastKnownFileType = sourcecode.c.h; path = hit.h; sourceTree = "<group>"; };
		8309D93A1ED0730D00B43779 /* l.obj */ = {isa = PBXFileReference; fileEncoding = 4; lastKnownFileType = text; path = l.obj; sourceTree = "<group>"; };
		8309D93B1ED0730D00B43779 /* main.cpp */ = {isa = PBXFileReference; fileEncoding = 4; lastKnownFileType = sourcecode.cpp.cpp; path = main.cpp; sourceTree = "<group>"; };
		8309D9421ED0732C00B43779 /* raytracer.cpp */ = {isa = PBXFileReference; fileEncoding = 4; lastKnownFileType = sourcecode.cpp.cpp; path = raytracer.cpp; sourceTree = "<group>"; };
		8309D9451ED0734000B43779 /* GLUT.framework */ = {isa = PBXFileReference; lastKnownFileType = wrapper.framework; name = GLUT.framework; path = System/Library/Frameworks/GLUT.framework; sourceTree = SDKROOT; };
		8309D9471ED0734400B43779 /* OpenGL.framework */ = {isa = PBXFileReference; lastKnownFileType = wrapper.framework; name = OpenGL.framework; path = System/Library/Frameworks/OpenGL.framework; sourceTree = SDKROOT; };
		8309D9491ED075D300B43779 /* Makefile */ = {isa = PBXFileReference; fileEncoding = 4; lastKnownFileType = sourcecode.make; path = Makefile; sourceTree = "<group>"; };
/* End PBXFileReference section */

/* Begin PBXFrameworksBuildPhase section */
		8309D8FE1ED072AD00B43779 /* Frameworks */ = {
			isa = PBXFrameworksBuildPhase;
			buildActionMask = 2147483647;
			files = (
				8309D9481ED0734400B43779 /* OpenGL.framework in Frameworks */,
				8309D9461ED0734000B43779 /* GLUT.framework in Frameworks */,
			);
			runOnlyForDeploymentPostprocessing = 0;
		};
/* End PBXFrameworksBuildPhase section */

/* Begin PBXGroup section */
		8309D8F81ED072AD00B43779 = {
			isa = PBXGroup;
			children = (
				8309D9031ED072AD00B43779 /* Lab4 */,
				8309D9021ED072AD00B43779 /* Products */,
				8309D9441ED0734000B43779 /* Frameworks */,
			);
			sourceTree = "<group>";
		};
		8309D9021ED072AD00B43779 /* Products */ = {
			isa = PBXGroup;
			children = (
				8309D9011ED072AD00B43779 /* Lab4 */,
			);
			name = Products;
			sourceTree = "<group>";
		};
		8309D9031ED072AD00B43779 /* Lab4 */ = {
			isa = PBXGroup;
			children = (
				8309D9261ED0730D00B43779 /* argparser.h */,
				8309D9271ED0730D00B43779 /* bag.h */,
				8309D9281ED0730D00B43779 /* boundingbox.cpp */,
				8309D9291ED0730D00B43779 /* boundingbox.h */,
				8309D92A1ED0730D00B43779 /* camera.cpp */,
				8309D92B1ED0730D00B43779 /* camera.h */,
				8309D92C1ED0730D00B43779 /* cornell_box_diffuse_sphere.obj */,
				8309D92D1ED0730D00B43779 /* cornell_box_reflective_spheres.obj */,
				8309D92E1ED0730D00B43779 /* cornell_box.obj */,
				8309D92F1ED0730D00B43779 /* edge.cpp */,
				8309D9301ED0730D00B43779 /* edge.h */,
				8309D9311ED0730D00B43779 /* face.cpp */,
				8309D9321ED0730D00B43779 /* face.h */,
				8309D9331ED0730D00B43779 /* freeglut_ext.h */,
				8309D9341ED0730D00B43779 /* freeglut_std.h */,
				8309D9351ED0730D00B43779 /* freeglut.h */,
				8309D9361ED0730D00B43779 /* glCanvas.cpp */,
				8309D9371ED0730D00B43779 /* glCanvas.h */,
				8309D9381ED0730D00B43779 /* glut.h */,
				8309D9391ED0730D00B43779 /* hit.h */,
				8309D93A1ED0730D00B43779 /* l.obj */,
				8309D9491ED075D300B43779 /* Makefile */,
				8309D93B1ED0730D00B43779 /* main.cpp */,
				8309D90B1ED0730300B43779 /* material.cpp */,
				8309D90C1ED0730300B43779 /* material.h */,
				8309D9421ED0732C00B43779 /* raytracer.cpp */,
				8309D90D1ED0730300B43779 /* matrix.cpp */,
				8309D90E1ED0730300B43779 /* matrix.h */,
				8309D90F1ED0730300B43779 /* mesh.cpp */,
				8309D9101ED0730300B43779 /* mesh.h */,
				8309D9111ED0730300B43779 /* radiosity.cpp */,
				8309D9121ED0730300B43779 /* radiosity.h */,
				8309D9131ED0730300B43779 /* ray.h */,
				8309D9151ED0730300B43779 /* raytracer.h */,
				8309D9161ED0730300B43779 /* raytree.cpp */,
				8309D9171ED0730300B43779 /* raytree.h */,
				8309D9181ED0730300B43779 /* reflective_spheres.obj */,
				8309D9191ED0730300B43779 /* sphere.cpp */,
				8309D91A1ED0730300B43779 /* sphere.h */,
				8309D91B1ED0730300B43779 /* utils.h */,
				8309D91C1ED0730300B43779 /* vectors.h */,
				8309D91D1ED0730300B43779 /* vertex_parent.h */,
				8309D91E1ED0730300B43779 /* vertex.h */,
			);
			path = Lab4;
			sourceTree = "<group>";
		};
		8309D9441ED0734000B43779 /* Frameworks */ = {
			isa = PBXGroup;
			children = (
				8309D9471ED0734400B43779 /* OpenGL.framework */,
				8309D9451ED0734000B43779 /* GLUT.framework */,
			);
			name = Frameworks;
			sourceTree = "<group>";
		};
/* End PBXGroup section */

/* Begin PBXNativeTarget section */
		8309D9001ED072AD00B43779 /* Lab4 */ = {
			isa = PBXNativeTarget;
			buildConfigurationList = 8309D9081ED072AD00B43779 /* Build configuration list for PBXNativeTarget "Lab4" */;
			buildPhases = (
				8309D8FD1ED072AD00B43779 /* Sources */,
				8309D8FE1ED072AD00B43779 /* Frameworks */,
				8309D8FF1ED072AD00B43779 /* CopyFiles */,
			);
			buildRules = (
			);
			dependencies = (
			);
			name = Lab4;
			productName = Lab4;
			productReference = 8309D9011ED072AD00B43779 /* Lab4 */;
			productType = "com.apple.product-type.tool";
		};
/* End PBXNativeTarget section */

/* Begin PBXProject section */
		8309D8F91ED072AD00B43779 /* Project object */ = {
			isa = PBXProject;
			attributes = {
				LastUpgradeCheck = 0830;
				ORGANIZATIONNAME = "Mattia Fucili";
				TargetAttributes = {
					8309D9001ED072AD00B43779 = {
						CreatedOnToolsVersion = 8.3.2;
						ProvisioningStyle = Automatic;
					};
				};
			};
			buildConfigurationList = 8309D8FC1ED072AD00B43779 /* Build configuration list for PBXProject "Lab4" */;
			compatibilityVersion = "Xcode 3.2";
			developmentRegion = English;
			hasScannedForEncodings = 0;
			knownRegions = (
				en,
			);
			mainGroup = 8309D8F81ED072AD00B43779;
			productRefGroup = 8309D9021ED072AD00B43779 /* Products */;
			projectDirPath = "";
			projectRoot = "";
			targets = (
				8309D9001ED072AD00B43779 /* Lab4 */,
			);
		};
/* End PBXProject section */

/* Begin PBXSourcesBuildPhase section */
		8309D8FD1ED072AD00B43779 /* Sources */ = {
			isa = PBXSourcesBuildPhase;
			buildActionMask = 2147483647;
			files = (
				8309D9251ED0730300B43779 /* sphere.cpp in Sources */,
				8309D9201ED0730300B43779 /* matrix.cpp in Sources */,
				8309D93F1ED0730D00B43779 /* face.cpp in Sources */,
				8309D9401ED0730D00B43779 /* glCanvas.cpp in Sources */,
				8309D91F1ED0730300B43779 /* material.cpp in Sources */,
				8309D93D1ED0730D00B43779 /* camera.cpp in Sources */,
				8309D9221ED0730300B43779 /* radiosity.cpp in Sources */,
				8309D9241ED0730300B43779 /* raytree.cpp in Sources */,
				8309D9211ED0730300B43779 /* mesh.cpp in Sources */,
				8309D9411ED0730D00B43779 /* main.cpp in Sources */,
				8309D93E1ED0730D00B43779 /* edge.cpp in Sources */,
				8309D9431ED0732C00B43779 /* raytracer.cpp in Sources */,
				8309D94A1ED075D300B43779 /* Makefile in Sources */,
				8309D93C1ED0730D00B43779 /* boundingbox.cpp in Sources */,
			);
			runOnlyForDeploymentPostprocessing = 0;
		};
/* End PBXSourcesBuildPhase section */

/* Begin XCBuildConfiguration section */
		8309D9061ED072AD00B43779 /* Debug */ = {
			isa = XCBuildConfiguration;
			buildSettings = {
				ALWAYS_SEARCH_USER_PATHS = NO;
				CLANG_ANALYZER_NONNULL = YES;
				CLANG_ANALYZER_NUMBER_OBJECT_CONVERSION = YES_AGGRESSIVE;
				CLANG_CXX_LANGUAGE_STANDARD = "gnu++0x";
				CLANG_CXX_LIBRARY = "libc++";
				CLANG_ENABLE_MODULES = YES;
				CLANG_ENABLE_OBJC_ARC = YES;
				CLANG_WARN_BOOL_CONVERSION = YES;
				CLANG_WARN_CONSTANT_CONVERSION = YES;
				CLANG_WARN_DIRECT_OBJC_ISA_USAGE = YES_ERROR;
				CLANG_WARN_DOCUMENTATION_COMMENTS = YES;
				CLANG_WARN_EMPTY_BODY = YES;
				CLANG_WARN_ENUM_CONVERSION = YES;
				CLANG_WARN_INFINITE_RECURSION = YES;
				CLANG_WARN_INT_CONVERSION = YES;
				CLANG_WARN_OBJC_ROOT_CLASS = YES_ERROR;
				CLANG_WARN_SUSPICIOUS_MOVE = YES;
				CLANG_WARN_UNREACHABLE_CODE = YES;
				CLANG_WARN__DUPLICATE_METHOD_MATCH = YES;
				CODE_SIGN_IDENTITY = "-";
				COPY_PHASE_STRIP = NO;
				DEBUG_INFORMATION_FORMAT = dwarf;
				ENABLE_STRICT_OBJC_MSGSEND = YES;
				ENABLE_TESTABILITY = YES;
				GCC_C_LANGUAGE_STANDARD = gnu99;
				GCC_DYNAMIC_NO_PIC = NO;
				GCC_NO_COMMON_BLOCKS = YES;
				GCC_OPTIMIZATION_LEVEL = 0;
				GCC_PREPROCESSOR_DEFINITIONS = (
					"DEBUG=1",
					"$(inherited)",
				);
				GCC_WARN_64_TO_32_BIT_CONVERSION = YES;
				GCC_WARN_ABOUT_RETURN_TYPE = YES_ERROR;
				GCC_WARN_UNDECLARED_SELECTOR = YES;
				GCC_WARN_UNINITIALIZED_AUTOS = YES_AGGRESSIVE;
				GCC_WARN_UNUSED_FUNCTION = YES;
				GCC_WARN_UNUSED_VARIABLE = YES;
				MACOSX_DEPLOYMENT_TARGET = 10.12;
				MTL_ENABLE_DEBUG_INFO = YES;
				ONLY_ACTIVE_ARCH = YES;
				SDKROOT = macosx;
			};
			name = Debug;
		};
		8309D9071ED072AD00B43779 /* Release */ = {
			isa = XCBuildConfiguration;
			buildSettings = {
				ALWAYS_SEARCH_USER_PATHS = NO;
				CLANG_ANALYZER_NONNULL = YES;
				CLANG_ANALYZER_NUMBER_OBJECT_CONVERSION = YES_AGGRESSIVE;
				CLANG_CXX_LANGUAGE_STANDARD = "gnu++0x";
				CLANG_CXX_LIBRARY = "libc++";
				CLANG_ENABLE_MODULES = YES;
				CLANG_ENABLE_OBJC_ARC = YES;
				CLANG_WARN_BOOL_CONVERSION = YES;
				CLANG_WARN_CONSTANT_CONVERSION = YES;
				CLANG_WARN_DIRECT_OBJC_ISA_USAGE = YES_ERROR;
				CLANG_WARN_DOCUMENTATION_COMMENTS = YES;
				CLANG_WARN_EMPTY_BODY = YES;
				CLANG_WARN_ENUM_CONVERSION = YES;
				CLANG_WARN_INFINITE_RECURSION = YES;
				CLANG_WARN_INT_CONVERSION = YES;
				CLANG_WARN_OBJC_ROOT_CLASS = YES_ERROR;
				CLANG_WARN_SUSPICIOUS_MOVE = YES;
				CLANG_WARN_UNREACHABLE_CODE = YES;
				CLANG_WARN__DUPLICATE_METHOD_MATCH = YES;
				CODE_SIGN_IDENTITY = "-";
				COPY_PHASE_STRIP = NO;
				DEBUG_INFORMATION_FORMAT = "dwarf-with-dsym";
				ENABLE_NS_ASSERTIONS = NO;
				ENABLE_STRICT_OBJC_MSGSEND = YES;
				GCC_C_LANGUAGE_STANDARD = gnu99;
				GCC_NO_COMMON_BLOCKS = YES;
				GCC_WARN_64_TO_32_BIT_CONVERSION = YES;
				GCC_WARN_ABOUT_RETURN_TYPE = YES_ERROR;
				GCC_WARN_UNDECLARED_SELECTOR = YES;
				GCC_WARN_UNINITIALIZED_AUTOS = YES_AGGRESSIVE;
				GCC_WARN_UNUSED_FUNCTION = YES;
				GCC_WARN_UNUSED_VARIABLE = YES;
				MACOSX_DEPLOYMENT_TARGET = 10.12;
				MTL_ENABLE_DEBUG_INFO = NO;
				SDKROOT = macosx;
			};
			name = Release;
		};
		8309D9091ED072AD00B43779 /* Debug */ = {
			isa = XCBuildConfiguration;
			buildSettings = {
				MACOSX_DEPLOYMENT_TARGET = 10.8;
				PRODUCT_NAME = "$(TARGET_NAME)";
			};
			name = Debug;
		};
		8309D90A1ED072AD00B43779 /* Release */ = {
			isa = XCBuildConfiguration;
			buildSettings = {
				MACOSX_DEPLOYMENT_TARGET = 10.8;
				PRODUCT_NAME = "$(TARGET_NAME)";
			};
			name = Release;
		};
/* End XCBuildConfiguration section */

/* Begin XCConfigurationList section */
		8309D8FC1ED072AD00B43779 /* Build configuration list for PBXProject "Lab4" */ = {
			isa = XCConfigurationList;
			buildConfigurations = (
				8309D9061ED072AD00B43779 /* Debug */,
				8309D9071ED072AD00B43779 /* Release */,
			);
			defaultConfigurationIsVisible = 0;
			defaultConfigurationName = Release;
		};
		8309D9081ED072AD00B43779 /* Build configuration list for PBXNativeTarget "Lab4" */ = {
			isa = XCConfigurationList;
			buildConfigurations = (
				8309D9091ED072AD00B43779 /* Debug */,
				8309D90A1ED072AD00B43779 /* Release */,
			);
			defaultConfigurationIsVisible = 0;
		};
/* End XCConfigurationList section */
	};
	rootObject = 8309D8F91ED072AD00B43779 /* Project object */;
}
